// !$*UTF8*$!
{
	archiveVersion = 1;
	classes = {
	};
	objectVersion = 50;
	objects = {

/* Begin PBXBuildFile section */
		2D5CBD5B23FDB8B7001595CE /* AppDelegate.swift in Sources */ = {isa = PBXBuildFile; fileRef = 2D5CBD5A23FDB8B7001595CE /* AppDelegate.swift */; };
		2D5CBD5D23FDB8B7001595CE /* SceneDelegate.swift in Sources */ = {isa = PBXBuildFile; fileRef = 2D5CBD5C23FDB8B7001595CE /* SceneDelegate.swift */; };
		2D5CBD5F23FDB8B7001595CE /* ViewController.swift in Sources */ = {isa = PBXBuildFile; fileRef = 2D5CBD5E23FDB8B7001595CE /* ViewController.swift */; };
		2D5CBD6223FDB8B7001595CE /* Main.storyboard in Resources */ = {isa = PBXBuildFile; fileRef = 2D5CBD6023FDB8B7001595CE /* Main.storyboard */; };
		2D5CBD6423FDB8B9001595CE /* Assets.xcassets in Resources */ = {isa = PBXBuildFile; fileRef = 2D5CBD6323FDB8B9001595CE /* Assets.xcassets */; };
		2D5CBD6723FDB8B9001595CE /* LaunchScreen.storyboard in Resources */ = {isa = PBXBuildFile; fileRef = 2D5CBD6523FDB8B9001595CE /* LaunchScreen.storyboard */; };
		2D5CBD7023FDB91C001595CE /* Model.xcdatamodeld in Sources */ = {isa = PBXBuildFile; fileRef = 2D5CBD6E23FDB91C001595CE /* Model.xcdatamodeld */; };
		2D5CBD7223FDBB9A001595CE /* CoreDataManager.swift in Sources */ = {isa = PBXBuildFile; fileRef = 2D5CBD7123FDBB9A001595CE /* CoreDataManager.swift */; };
		2D5CBD7423FDC381001595CE /* Name.swift in Sources */ = {isa = PBXBuildFile; fileRef = 2D5CBD7323FDC381001595CE /* Name.swift */; };
/* End PBXBuildFile section */

/* Begin PBXFileReference section */
		2D5CBD5723FDB8B7001595CE /* SayHello.app */ = {isa = PBXFileReference; explicitFileType = wrapper.application; includeInIndex = 0; path = SayHello.app; sourceTree = BUILT_PRODUCTS_DIR; };
		2D5CBD5A23FDB8B7001595CE /* AppDelegate.swift */ = {isa = PBXFileReference; lastKnownFileType = sourcecode.swift; path = AppDelegate.swift; sourceTree = "<group>"; };
		2D5CBD5C23FDB8B7001595CE /* SceneDelegate.swift */ = {isa = PBXFileReference; lastKnownFileType = sourcecode.swift; path = SceneDelegate.swift; sourceTree = "<group>"; };
		2D5CBD5E23FDB8B7001595CE /* ViewController.swift */ = {isa = PBXFileReference; lastKnownFileType = sourcecode.swift; path = ViewController.swift; sourceTree = "<group>"; };
		2D5CBD6123FDB8B7001595CE /* Base */ = {isa = PBXFileReference; lastKnownFileType = file.storyboard; name = Base; path = Base.lproj/Main.storyboard; sourceTree = "<group>"; };
		2D5CBD6323FDB8B9001595CE /* Assets.xcassets */ = {isa = PBXFileReference; lastKnownFileType = folder.assetcatalog; path = Assets.xcassets; sourceTree = "<group>"; };
		2D5CBD6623FDB8B9001595CE /* Base */ = {isa = PBXFileReference; lastKnownFileType = file.storyboard; name = Base; path = Base.lproj/LaunchScreen.storyboard; sourceTree = "<group>"; };
		2D5CBD6823FDB8B9001595CE /* Info.plist */ = {isa = PBXFileReference; lastKnownFileType = text.plist.xml; path = Info.plist; sourceTree = "<group>"; };
		2D5CBD6F23FDB91C001595CE /* Model.xcdatamodel */ = {isa = PBXFileReference; lastKnownFileType = wrapper.xcdatamodel; path = Model.xcdatamodel; sourceTree = "<group>"; };
		2D5CBD7123FDBB9A001595CE /* CoreDataManager.swift */ = {isa = PBXFileReference; lastKnownFileType = sourcecode.swift; path = CoreDataManager.swift; sourceTree = "<group>"; };
		2D5CBD7323FDC381001595CE /* Name.swift */ = {isa = PBXFileReference; lastKnownFileType = sourcecode.swift; path = Name.swift; sourceTree = "<group>"; };
/* End PBXFileReference section */

/* Begin PBXFrameworksBuildPhase section */
		2D5CBD5423FDB8B7001595CE /* Frameworks */ = {
			isa = PBXFrameworksBuildPhase;
			buildActionMask = 2147483647;
			files = (
			);
			runOnlyForDeploymentPostprocessing = 0;
		};
/* End PBXFrameworksBuildPhase section */

/* Begin PBXGroup section */
		2D5CBD4E23FDB8B7001595CE = {
			isa = PBXGroup;
			children = (
				2D5CBD6E23FDB91C001595CE /* Model.xcdatamodeld */,
				2D5CBD7123FDBB9A001595CE /* CoreDataManager.swift */,
				2D5CBD5923FDB8B7001595CE /* SayHello */,
				2D5CBD5823FDB8B7001595CE /* Products */,
			);
			sourceTree = "<group>";
		};
		2D5CBD5823FDB8B7001595CE /* Products */ = {
			isa = PBXGroup;
			children = (
				2D5CBD5723FDB8B7001595CE /* SayHello.app */,
			);
			name = Products;
			sourceTree = "<group>";
		};
		2D5CBD5923FDB8B7001595CE /* SayHello */ = {
			isa = PBXGroup;
			children = (
				2D5CBD5A23FDB8B7001595CE /* AppDelegate.swift */,
				2D5CBD5C23FDB8B7001595CE /* SceneDelegate.swift */,
				2D5CBD5E23FDB8B7001595CE /* ViewController.swift */,
				2D5CBD7323FDC381001595CE /* Name.swift */,
				2D5CBD6023FDB8B7001595CE /* Main.storyboard */,
				2D5CBD6323FDB8B9001595CE /* Assets.xcassets */,
				2D5CBD6523FDB8B9001595CE /* LaunchScreen.storyboard */,
				2D5CBD6823FDB8B9001595CE /* Info.plist */,
			);
			path = SayHello;
			sourceTree = "<group>";
		};
/* End PBXGroup section */

/* Begin PBXNativeTarget section */
		2D5CBD5623FDB8B7001595CE /* SayHello */ = {
			isa = PBXNativeTarget;
			buildConfigurationList = 2D5CBD6B23FDB8B9001595CE /* Build configuration list for PBXNativeTarget "SayHello" */;
			buildPhases = (
				2D5CBD5323FDB8B7001595CE /* Sources */,
				2D5CBD5423FDB8B7001595CE /* Frameworks */,
				2D5CBD5523FDB8B7001595CE /* Resources */,
			);
			buildRules = (
			);
			dependencies = (
			);
			name = SayHello;
			productName = SayHello;
			productReference = 2D5CBD5723FDB8B7001595CE /* SayHello.app */;
			productType = "com.apple.product-type.application";
		};
/* End PBXNativeTarget section */

/* Begin PBXProject section */
		2D5CBD4F23FDB8B7001595CE /* Project object */ = {
			isa = PBXProject;
			attributes = {
				LastSwiftUpdateCheck = 1130;
				LastUpgradeCheck = 1130;
				ORGANIZATIONNAME = "Kate Duncan-Welke";
				TargetAttributes = {
					2D5CBD5623FDB8B7001595CE = {
						CreatedOnToolsVersion = 11.3.1;
					};
				};
			};
			buildConfigurationList = 2D5CBD5223FDB8B7001595CE /* Build configuration list for PBXProject "SayHello" */;
			compatibilityVersion = "Xcode 9.3";
			developmentRegion = en;
			hasScannedForEncodings = 0;
			knownRegions = (
				en,
				Base,
			);
			mainGroup = 2D5CBD4E23FDB8B7001595CE;
			productRefGroup = 2D5CBD5823FDB8B7001595CE /* Products */;
			projectDirPath = "";
			projectRoot = "";
			targets = (
				2D5CBD5623FDB8B7001595CE /* SayHello */,
			);
		};
/* End PBXProject section */

/* Begin PBXResourcesBuildPhase section */
		2D5CBD5523FDB8B7001595CE /* Resources */ = {
			isa = PBXResourcesBuildPhase;
			buildActionMask = 2147483647;
			files = (
				2D5CBD6723FDB8B9001595CE /* LaunchScreen.storyboard in Resources */,
				2D5CBD6423FDB8B9001595CE /* Assets.xcassets in Resources */,
				2D5CBD6223FDB8B7001595CE /* Main.storyboard in Resources */,
			);
			runOnlyForDeploymentPostprocessing = 0;
		};
/* End PBXResourcesBuildPhase section */

/* Begin PBXSourcesBuildPhase section */
		2D5CBD5323FDB8B7001595CE /* Sources */ = {
			isa = PBXSourcesBuildPhase;
			buildActionMask = 2147483647;
			files = (
				2D5CBD7423FDC381001595CE /* Name.swift in Sources */,
				2D5CBD5F23FDB8B7001595CE /* ViewController.swift in Sources */,
				2D5CBD5B23FDB8B7001595CE /* AppDelegate.swift in Sources */,
				2D5CBD5D23FDB8B7001595CE /* SceneDelegate.swift in Sources */,
				2D5CBD7223FDBB9A001595CE /* CoreDataManager.swift in Sources */,
				2D5CBD7023FDB91C001595CE /* Model.xcdatamodeld in Sources */,
			);
			runOnlyForDeploymentPostprocessing = 0;
		};
/* End PBXSourcesBuildPhase section */

/* Begin PBXVariantGroup section */
		2D5CBD6023FDB8B7001595CE /* Main.storyboard */ = {
			isa = PBXVariantGroup;
			children = (
				2D5CBD6123FDB8B7001595CE /* Base */,
			);
			name = Main.storyboard;
			sourceTree = "<group>";
		};
		2D5CBD6523FDB8B9001595CE /* LaunchScreen.storyboard */ = {
			isa = PBXVariantGroup;
			children = (
				2D5CBD6623FDB8B9001595CE /* Base */,
			);
			name = LaunchScreen.storyboard;
			sourceTree = "<group>";
		};
/* End PBXVariantGroup section */

/* Begin XCBuildConfiguration section */
		2D5CBD6923FDB8B9001595CE /* Debug */ = {
			isa = XCBuildConfiguration;
			buildSettings = {
				ALWAYS_SEARCH_USER_PATHS = NO;
				CLANG_ANALYZER_NONNULL = YES;
				CLANG_ANALYZER_NUMBER_OBJECT_CONVERSION = YES_AGGRESSIVE;
				CLANG_CXX_LANGUAGE_STANDARD = "gnu++14";
				CLANG_CXX_LIBRARY = "libc++";
				CLANG_ENABLE_MODULES = YES;
				CLANG_ENABLE_OBJC_ARC = YES;
				CLANG_ENABLE_OBJC_WEAK = YES;
				CLANG_WARN_BLOCK_CAPTURE_AUTORELEASING = YES;
				CLANG_WARN_BOOL_CONVERSION = YES;
				CLANG_WARN_COMMA = YES;
				CLANG_WARN_CONSTANT_CONVERSION = YES;
				CLANG_WARN_DEPRECATED_OBJC_IMPLEMENTATIONS = YES;
				CLANG_WARN_DIRECT_OBJC_ISA_USAGE = YES_ERROR;
				CLANG_WARN_DOCUMENTATION_COMMENTS = YES;
				CLANG_WARN_EMPTY_BODY = YES;
				CLANG_WARN_ENUM_CONVERSION = YES;
				CLANG_WARN_INFINITE_RECURSION = YES;
				CLANG_WARN_INT_CONVERSION = YES;
				CLANG_WARN_NON_LITERAL_NULL_CONVERSION = YES;
				CLANG_WARN_OBJC_IMPLICIT_RETAIN_SELF = YES;
				CLANG_WARN_OBJC_LITERAL_CONVERSION = YES;
				CLANG_WARN_OBJC_ROOT_CLASS = YES_ERROR;
				CLANG_WARN_RANGE_LOOP_ANALYSIS = YES;
				CLANG_WARN_STRICT_PROTOTYPES = YES;
				CLANG_WARN_SUSPICIOUS_MOVE = YES;
				CLANG_WARN_UNGUARDED_AVAILABILITY = YES_AGGRESSIVE;
				CLANG_WARN_UNREACHABLE_CODE = YES;
				CLANG_WARN__DUPLICATE_METHOD_MATCH = YES;
				COPY_PHASE_STRIP = NO;
				DEBUG_INFORMATION_FORMAT = dwarf;
				ENABLE_STRICT_OBJC_MSGSEND = YES;
				ENABLE_TESTABILITY = YES;
				GCC_C_LANGUAGE_STANDARD = gnu11;
				GCC_DYNAMIC_NO_PIC = NO;
				GCC_NO_COMMON_BLOCKS = YES;
				GCC_OPTIMIZATION_LEVEL = 0;
				GCC_PREPROCESSOR_DEFINITIONS = (
					"DEBUG=1",
					"$(inherited)",
				);
				GCC_WARN_64_TO_32_BIT_CONVERSION = YES;
				GCC_WARN_ABOUT_RETURN_TYPE = YES_ERROR;
				GCC_WARN_UNDECLARED_SELECTOR = YES;
				GCC_WARN_UNINITIALIZED_AUTOS = YES_AGGRESSIVE;
				GCC_WARN_UNUSED_FUNCTION = YES;
				GCC_WARN_UNUSED_VARIABLE = YES;
				IPHONEOS_DEPLOYMENT_TARGET = 13.2;
				MTL_ENABLE_DEBUG_INFO = INCLUDE_SOURCE;
				MTL_FAST_MATH = YES;
				ONLY_ACTIVE_ARCH = YES;
				SDKROOT = iphoneos;
				SWIFT_ACTIVE_COMPILATION_CONDITIONS = DEBUG;
				SWIFT_OPTIMIZATION_LEVEL = "-Onone";
			};
			name = Debug;
		};
		2D5CBD6A23FDB8B9001595CE /* Release */ = {
			isa = XCBuildConfiguration;
			buildSettings = {
				ALWAYS_SEARCH_USER_PATHS = NO;
				CLANG_ANALYZER_NONNULL = YES;
				CLANG_ANALYZER_NUMBER_OBJECT_CONVERSION = YES_AGGRESSIVE;
				CLANG_CXX_LANGUAGE_STANDARD = "gnu++14";
				CLANG_CXX_LIBRARY = "libc++";
				CLANG_ENABLE_MODULES = YES;
				CLANG_ENABLE_OBJC_ARC = YES;
				CLANG_ENABLE_OBJC_WEAK = YES;
				CLANG_WARN_BLOCK_CAPTURE_AUTORELEASING = YES;
				CLANG_WARN_BOOL_CONVERSION = YES;
				CLANG_WARN_COMMA = YES;
				CLANG_WARN_CONSTANT_CONVERSION = YES;
				CLANG_WARN_DEPRECATED_OBJC_IMPLEMENTATIONS = YES;
				CLANG_WARN_DIRECT_OBJC_ISA_USAGE = YES_ERROR;
				CLANG_WARN_DOCUMENTATION_COMMENTS = YES;
				CLANG_WARN_EMPTY_BODY = YES;
				CLANG_WARN_ENUM_CONVERSION = YES;
				CLANG_WARN_INFINITE_RECURSION = YES;
				CLANG_WARN_INT_CONVERSION = YES;
				CLANG_WARN_NON_LITERAL_NULL_CONVERSION = YES;
				CLANG_WARN_OBJC_IMPLICIT_RETAIN_SELF = YES;
				CLANG_WARN_OBJC_LITERAL_CONVERSION = YES;
				CLANG_WARN_OBJC_ROOT_CLASS = YES_ERROR;
				CLANG_WARN_RANGE_LOOP_ANALYSIS = YES;
				CLANG_WARN_STRICT_PROTOTYPES = YES;
				CLANG_WARN_SUSPICIOUS_MOVE = YES;
				CLANG_WARN_UNGUARDED_AVAILABILITY = YES_AGGRESSIVE;
				CLANG_WARN_UNREACHABLE_CODE = YES;
				CLANG_WARN__DUPLICATE_METHOD_MATCH = YES;
				COPY_PHASE_STRIP = NO;
				DEBUG_INFORMATION_FORMAT = "dwarf-with-dsym";
				ENABLE_NS_ASSERTIONS = NO;
				ENABLE_STRICT_OBJC_MSGSEND = YES;
				GCC_C_LANGUAGE_STANDARD = gnu11;
				GCC_NO_COMMON_BLOCKS = YES;
				GCC_WARN_64_TO_32_BIT_CONVERSION = YES;
				GCC_WARN_ABOUT_RETURN_TYPE = YES_ERROR;
				GCC_WARN_UNDECLARED_SELECTOR = YES;
				GCC_WARN_UNINITIALIZED_AUTOS = YES_AGGRESSIVE;
				GCC_WARN_UNUSED_FUNCTION = YES;
				GCC_WARN_UNUSED_VARIABLE = YES;
				IPHONEOS_DEPLOYMENT_TARGET = 13.2;
				MTL_ENABLE_DEBUG_INFO = NO;
				MTL_FAST_MATH = YES;
				SDKROOT = iphoneos;
				SWIFT_COMPILATION_MODE = wholemodule;
				SWIFT_OPTIMIZATION_LEVEL = "-O";
				VALIDATE_PRODUCT = YES;
			};
			name = Release;
		};
		2D5CBD6C23FDB8B9001595CE /* Debug */ = {
			isa = XCBuildConfiguration;
			buildSettings = {
				ASSETCATALOG_COMPILER_APPICON_NAME = AppIcon;
				CODE_SIGN_STYLE = Automatic;
				DEVELOPMENT_TEAM = A8R365GJ52;
				INFOPLIST_FILE = SayHello/Info.plist;
				LD_RUNPATH_SEARCH_PATHS = (
					"$(inherited)",
					"@executable_path/Frameworks",
				);
				PRODUCT_BUNDLE_IDENTIFIER = "com.kduncan-welke.SayHello";
				PRODUCT_NAME = "$(TARGET_NAME)";
				SWIFT_VERSION = 5.0;
				TARGETED_DEVICE_FAMILY = "1,2";
			};
			name = Debug;
		};
		2D5CBD6D23FDB8B9001595CE /* Release */ = {
			isa = XCBuildConfiguration;
			buildSettings = {
				ASSETCATALOG_COMPILER_APPICON_NAME = AppIcon;
				CODE_SIGN_STYLE = Automatic;
				DEVELOPMENT_TEAM = A8R365GJ52;
				INFOPLIST_FILE = SayHello/Info.plist;
				LD_RUNPATH_SEARCH_PATHS = (
					"$(inherited)",
					"@executable_path/Frameworks",
				);
				PRODUCT_BUNDLE_IDENTIFIER = "com.kduncan-welke.SayHello";
				PRODUCT_NAME = "$(TARGET_NAME)";
				SWIFT_VERSION = 5.0;
				TARGETED_DEVICE_FAMILY = "1,2";
			};
			name = Release;
		};
/* End XCBuildConfiguration section */

/* Begin XCConfigurationList section */
		2D5CBD5223FDB8B7001595CE /* Build configuration list for PBXProject "SayHello" */ = {
			isa = XCConfigurationList;
			buildConfigurations = (
				2D5CBD6923FDB8B9001595CE /* Debug */,
				2D5CBD6A23FDB8B9001595CE /* Release */,
			);
			defaultConfigurationIsVisible = 0;
			defaultConfigurationName = Release;
		};
		2D5CBD6B23FDB8B9001595CE /* Build configuration list for PBXNativeTarget "SayHello" */ = {
			isa = XCConfigurationList;
			buildConfigurations = (
				2D5CBD6C23FDB8B9001595CE /* Debug */,
				2D5CBD6D23FDB8B9001595CE /* Release */,
			);
			defaultConfigurationIsVisible = 0;
			defaultConfigurationName = Release;
		};
/* End XCConfigurationList section */

/* Begin XCVersionGroup section */
		2D5CBD6E23FDB91C001595CE /* Model.xcdatamodeld */ = {
			isa = XCVersionGroup;
			children = (
				2D5CBD6F23FDB91C001595CE /* Model.xcdatamodel */,
			);
			currentVersion = 2D5CBD6F23FDB91C001595CE /* Model.xcdatamodel */;
			path = Model.xcdatamodeld;
			sourceTree = "<group>";
			versionGroupType = wrapper.xcdatamodel;
		};
/* End XCVersionGroup section */
	};
	rootObject = 2D5CBD4F23FDB8B7001595CE /* Project object */;
}
